
Microsoft Visual Studio Solution File, Format Version 12.00
# Visual Studio Version 17
VisualStudioVersion = 17.6.33723.286
MinimumVisualStudioVersion = 10.0.40219.1
Project("{FAE04EC0-301F-11D3-BF4B-00C04F79EFBC}") = "WebApiPrueba", "WebApiPrueba\WebApiPrueba.csproj", "{1A9D950C-ED9C-4F73-A138-6A9AE5FBDE0B}"
EndProject
Global
	GlobalSection(SolutionConfigurationPlatforms) = preSolution
		Debug|Any CPU = Debug|Any CPU
		Release|Any CPU = Release|Any CPU
	EndGlobalSection
	GlobalSection(ProjectConfigurationPlatforms) = postSolution
		{1A9D950C-ED9C-4F73-A138-6A9AE5FBDE0B}.Debug|Any CPU.ActiveCfg = Debug|Any CPU
		{1A9D950C-ED9C-4F73-A138-6A9AE5FBDE0B}.Debug|Any CPU.Build.0 = Debug|Any CPU
		{1A9D950C-ED9C-4F73-A138-6A9AE5FBDE0B}.Release|Any CPU.ActiveCfg = Release|Any CPU
		{1A9D950C-ED9C-4F73-A138-6A9AE5FBDE0B}.Release|Any CPU.Build.0 = Release|Any CPU
	EndGlobalSection
	GlobalSection(SolutionProperties) = preSolution
		HideSolutionNode = FALSE
	EndGlobalSection
	GlobalSection(ExtensibilityGlobals) = postSolution
		SolutionGuid = {ED63998B-20C5-44EE-AFCA-C5F378C9D308}
	EndGlobalSection
EndGlobal
